
Microsoft Visual Studio Solution File, Format Version 12.00
# Visual Studio Version 16
VisualStudioVersion = 16.6.30114.105
MinimumVisualStudioVersion = 10.0.40219.1
Project("{FAE04EC0-301F-11D3-BF4B-00C04F79EFBC}") = "API", "API\API.csproj", "{FC65DD56-63FB-496D-8AB0-A86C5DA98FB8}"
EndProject
Project("{FAE04EC0-301F-11D3-BF4B-00C04F79EFBC}") = "Application", "Application\Application.csproj", "{4541FDB5-4C2D-4D52-80CA-C20826E297F3}"
EndProject
Project("{FAE04EC0-301F-11D3-BF4B-00C04F79EFBC}") = "Domain", "Domain\Domain.csproj", "{C27D41FE-905C-4EBD-857A-E845771FAF41}"
EndProject
Project("{FAE04EC0-301F-11D3-BF4B-00C04F79EFBC}") = "Persistence", "Persistence\Persistence.csproj", "{2F7262A5-89D2-4432-BE42-48962B6DA286}"
EndProject
Global
	GlobalSection(SolutionConfigurationPlatforms) = preSolution
		Debug|Any CPU = Debug|Any CPU
		Debug|x64 = Debug|x64
		Debug|x86 = Debug|x86
		Release|Any CPU = Release|Any CPU
		Release|x64 = Release|x64
		Release|x86 = Release|x86
	EndGlobalSection
	GlobalSection(SolutionProperties) = preSolution
		HideSolutionNode = FALSE
	EndGlobalSection
	GlobalSection(ProjectConfigurationPlatforms) = postSolution
		{FC65DD56-63FB-496D-8AB0-A86C5DA98FB8}.Debug|Any CPU.ActiveCfg = Debug|Any CPU
		{FC65DD56-63FB-496D-8AB0-A86C5DA98FB8}.Debug|Any CPU.Build.0 = Debug|Any CPU
		{FC65DD56-63FB-496D-8AB0-A86C5DA98FB8}.Debug|x64.ActiveCfg = Debug|Any CPU
		{FC65DD56-63FB-496D-8AB0-A86C5DA98FB8}.Debug|x64.Build.0 = Debug|Any CPU
		{FC65DD56-63FB-496D-8AB0-A86C5DA98FB8}.Debug|x86.ActiveCfg = Debug|Any CPU
		{FC65DD56-63FB-496D-8AB0-A86C5DA98FB8}.Debug|x86.Build.0 = Debug|Any CPU
		{FC65DD56-63FB-496D-8AB0-A86C5DA98FB8}.Release|Any CPU.ActiveCfg = Release|Any CPU
		{FC65DD56-63FB-496D-8AB0-A86C5DA98FB8}.Release|Any CPU.Build.0 = Release|Any CPU
		{FC65DD56-63FB-496D-8AB0-A86C5DA98FB8}.Release|x64.ActiveCfg = Release|Any CPU
		{FC65DD56-63FB-496D-8AB0-A86C5DA98FB8}.Release|x64.Build.0 = Release|Any CPU
		{FC65DD56-63FB-496D-8AB0-A86C5DA98FB8}.Release|x86.ActiveCfg = Release|Any CPU
		{FC65DD56-63FB-496D-8AB0-A86C5DA98FB8}.Release|x86.Build.0 = Release|Any CPU
		{4541FDB5-4C2D-4D52-80CA-C20826E297F3}.Debug|Any CPU.ActiveCfg = Debug|Any CPU
		{4541FDB5-4C2D-4D52-80CA-C20826E297F3}.Debug|Any CPU.Build.0 = Debug|Any CPU
		{4541FDB5-4C2D-4D52-80CA-C20826E297F3}.Debug|x64.ActiveCfg = Debug|Any CPU
		{4541FDB5-4C2D-4D52-80CA-C20826E297F3}.Debug|x64.Build.0 = Debug|Any CPU
		{4541FDB5-4C2D-4D52-80CA-C20826E297F3}.Debug|x86.ActiveCfg = Debug|Any CPU
		{4541FDB5-4C2D-4D52-80CA-C20826E297F3}.Debug|x86.Build.0 = Debug|Any CPU
		{4541FDB5-4C2D-4D52-80CA-C20826E297F3}.Release|Any CPU.ActiveCfg = Release|Any CPU
		{4541FDB5-4C2D-4D52-80CA-C20826E297F3}.Release|Any CPU.Build.0 = Release|Any CPU
		{4541FDB5-4C2D-4D52-80CA-C20826E297F3}.Release|x64.ActiveCfg = Release|Any CPU
		{4541FDB5-4C2D-4D52-80CA-C20826E297F3}.Release|x64.Build.0 = Release|Any CPU
		{4541FDB5-4C2D-4D52-80CA-C20826E297F3}.Release|x86.ActiveCfg = Release|Any CPU
		{4541FDB5-4C2D-4D52-80CA-C20826E297F3}.Release|x86.Build.0 = Release|Any CPU
		{C27D41FE-905C-4EBD-857A-E845771FAF41}.Debug|Any CPU.ActiveCfg = Debug|Any CPU
		{C27D41FE-905C-4EBD-857A-E845771FAF41}.Debug|Any CPU.Build.0 = Debug|Any CPU
		{C27D41FE-905C-4EBD-857A-E845771FAF41}.Debug|x64.ActiveCfg = Debug|Any CPU
		{C27D41FE-905C-4EBD-857A-E845771FAF41}.Debug|x64.Build.0 = Debug|Any CPU
		{C27D41FE-905C-4EBD-857A-E845771FAF41}.Debug|x86.ActiveCfg = Debug|Any CPU
		{C27D41FE-905C-4EBD-857A-E845771FAF41}.Debug|x86.Build.0 = Debug|Any CPU
		{C27D41FE-905C-4EBD-857A-E845771FAF41}.Release|Any CPU.ActiveCfg = Release|Any CPU
		{C27D41FE-905C-4EBD-857A-E845771FAF41}.Release|Any CPU.Build.0 = Release|Any CPU
		{C27D41FE-905C-4EBD-857A-E845771FAF41}.Release|x64.ActiveCfg = Release|Any CPU
		{C27D41FE-905C-4EBD-857A-E845771FAF41}.Release|x64.Build.0 = Release|Any CPU
		{C27D41FE-905C-4EBD-857A-E845771FAF41}.Release|x86.ActiveCfg = Release|Any CPU
		{C27D41FE-905C-4EBD-857A-E845771FAF41}.Release|x86.Build.0 = Release|Any CPU
		{2F7262A5-89D2-4432-BE42-48962B6DA286}.Debug|Any CPU.ActiveCfg = Debug|Any CPU
		{2F7262A5-89D2-4432-BE42-48962B6DA286}.Debug|Any CPU.Build.0 = Debug|Any CPU
		{2F7262A5-89D2-4432-BE42-48962B6DA286}.Debug|x64.ActiveCfg = Debug|Any CPU
		{2F7262A5-89D2-4432-BE42-48962B6DA286}.Debug|x64.Build.0 = Debug|Any CPU
		{2F7262A5-89D2-4432-BE42-48962B6DA286}.Debug|x86.ActiveCfg = Debug|Any CPU
		{2F7262A5-89D2-4432-BE42-48962B6DA286}.Debug|x86.Build.0 = Debug|Any CPU
		{2F7262A5-89D2-4432-BE42-48962B6DA286}.Release|Any CPU.ActiveCfg = Release|Any CPU
		{2F7262A5-89D2-4432-BE42-48962B6DA286}.Release|Any CPU.Build.0 = Release|Any CPU
		{2F7262A5-89D2-4432-BE42-48962B6DA286}.Release|x64.ActiveCfg = Release|Any CPU
		{2F7262A5-89D2-4432-BE42-48962B6DA286}.Release|x64.Build.0 = Release|Any CPU
		{2F7262A5-89D2-4432-BE42-48962B6DA286}.Release|x86.ActiveCfg = Release|Any CPU
		{2F7262A5-89D2-4432-BE42-48962B6DA286}.Release|x86.Build.0 = Release|Any CPU
	EndGlobalSection
EndGlobal
